// !$*UTF8*$!
{
	archiveVersion = 1;
	classes = {
	};
	objectVersion = 51;
	objects = {

/* Begin PBXBuildFile section */
		7C0327785BE14FA6367C5FF2 /* Pods_OnlineShopGBTests.framework in Frameworks */ = {isa = PBXBuildFile; fileRef = A487EAE5908876C659950391 /* Pods_OnlineShopGBTests.framework */; };
		8A1AAB00269DC28F0034C31E /* ProductCatalogBuilder.swift in Sources */ = {isa = PBXBuildFile; fileRef = 8A1AAAFF269DC28F0034C31E /* ProductCatalogBuilder.swift */; };
		8A1AAB02269DC2F00034C31E /* ProductCatalogRouter.swift in Sources */ = {isa = PBXBuildFile; fileRef = 8A1AAB01269DC2F00034C31E /* ProductCatalogRouter.swift */; };
		8A1AAB04269DC2FD0034C31E /* ProductCatalogInteractor.swift in Sources */ = {isa = PBXBuildFile; fileRef = 8A1AAB03269DC2FD0034C31E /* ProductCatalogInteractor.swift */; };
		8A1AAB06269DC30F0034C31E /* ProductCatalogPresenter.swift in Sources */ = {isa = PBXBuildFile; fileRef = 8A1AAB05269DC30F0034C31E /* ProductCatalogPresenter.swift */; };
		8A1AAB08269DC3180034C31E /* ProductCatalogViewController.swift in Sources */ = {isa = PBXBuildFile; fileRef = 8A1AAB07269DC3180034C31E /* ProductCatalogViewController.swift */; };
		8A1AAB0A269DC31E0034C31E /* ProductCatalogView.swift in Sources */ = {isa = PBXBuildFile; fileRef = 8A1AAB09269DC31E0034C31E /* ProductCatalogView.swift */; };
		8A1AAB0E269DC60E0034C31E /* MainBuilder.swift in Sources */ = {isa = PBXBuildFile; fileRef = 8A1AAB0D269DC60E0034C31E /* MainBuilder.swift */; };
		8A1AAB11269DD1700034C31E /* ProductTableViewCell.swift in Sources */ = {isa = PBXBuildFile; fileRef = 8A1AAB10269DD1700034C31E /* ProductTableViewCell.swift */; };
		8A1AAB14269DD6F80034C31E /* PopUpProductView.swift in Sources */ = {isa = PBXBuildFile; fileRef = 8A1AAB13269DD6F80034C31E /* PopUpProductView.swift */; };
		8A1E1FEF2685DE7E0087C556 /* StringResources.swift in Sources */ = {isa = PBXBuildFile; fileRef = 8A1E1FEE2685DE7E0087C556 /* StringResources.swift */; };
		8A1E1FF12685DF1E0087C556 /* Product.swift in Sources */ = {isa = PBXBuildFile; fileRef = 8A1E1FF02685DF1E0087C556 /* Product.swift */; };
		8A1E1FF32685DF620087C556 /* ProductRequestFactory.swift in Sources */ = {isa = PBXBuildFile; fileRef = 8A1E1FF22685DF620087C556 /* ProductRequestFactory.swift */; };
		8A1E1FF52685E2890087C556 /* CatalogResult.swift in Sources */ = {isa = PBXBuildFile; fileRef = 8A1E1FF42685E2890087C556 /* CatalogResult.swift */; };
		8A1E1FF72685E29B0087C556 /* GoodResult.swift in Sources */ = {isa = PBXBuildFile; fileRef = 8A1E1FF62685E29B0087C556 /* GoodResult.swift */; };
		8A292C77268F198600F162F6 /* Review.swift in Sources */ = {isa = PBXBuildFile; fileRef = 8A292C76268F198600F162F6 /* Review.swift */; };
		8A292C79268F199800F162F6 /* ReviewRequestFactory.swift in Sources */ = {isa = PBXBuildFile; fileRef = 8A292C78268F199800F162F6 /* ReviewRequestFactory.swift */; };
		8A292C7B268F1C2000F162F6 /* AddReviewResult.swift in Sources */ = {isa = PBXBuildFile; fileRef = 8A292C7A268F1C2000F162F6 /* AddReviewResult.swift */; };
		8A292C7D268F1C2B00F162F6 /* RemoveReviewResult.swift in Sources */ = {isa = PBXBuildFile; fileRef = 8A292C7C268F1C2B00F162F6 /* RemoveReviewResult.swift */; };
		8A292C7F268F1C3300F162F6 /* GetReviewRestult.swift in Sources */ = {isa = PBXBuildFile; fileRef = 8A292C7E268F1C3300F162F6 /* GetReviewRestult.swift */; };
		8A2A6DDA2698493000193F6E /* AuthBuilder.swift in Sources */ = {isa = PBXBuildFile; fileRef = 8A2A6DD92698493000193F6E /* AuthBuilder.swift */; };
		8A2A6DDC269849F700193F6E /* AuthRouter.swift in Sources */ = {isa = PBXBuildFile; fileRef = 8A2A6DDB269849F700193F6E /* AuthRouter.swift */; };
		8A2A6DDE26984A0100193F6E /* AuthInteractor.swift in Sources */ = {isa = PBXBuildFile; fileRef = 8A2A6DDD26984A0100193F6E /* AuthInteractor.swift */; };
		8A2A6DE026984A0B00193F6E /* AuthPresenter.swift in Sources */ = {isa = PBXBuildFile; fileRef = 8A2A6DDF26984A0B00193F6E /* AuthPresenter.swift */; };
		8A2A6DE226984A1300193F6E /* AuthViewController.swift in Sources */ = {isa = PBXBuildFile; fileRef = 8A2A6DE126984A1300193F6E /* AuthViewController.swift */; };
		8A2A6DE426984A2600193F6E /* AuthView.swift in Sources */ = {isa = PBXBuildFile; fileRef = 8A2A6DE326984A2600193F6E /* AuthView.swift */; };
		8A59B602269B15F4002E5E3A /* FillUserDataBuilder.swift in Sources */ = {isa = PBXBuildFile; fileRef = 8A59B601269B15F4002E5E3A /* FillUserDataBuilder.swift */; };
		8A59B604269B168D002E5E3A /* FillUserDataRouter.swift in Sources */ = {isa = PBXBuildFile; fileRef = 8A59B603269B168D002E5E3A /* FillUserDataRouter.swift */; };
		8A59B606269B169A002E5E3A /* FillUserDataInteractor.swift in Sources */ = {isa = PBXBuildFile; fileRef = 8A59B605269B169A002E5E3A /* FillUserDataInteractor.swift */; };
		8A59B608269B16A2002E5E3A /* FillUserDataPresenter.swift in Sources */ = {isa = PBXBuildFile; fileRef = 8A59B607269B16A2002E5E3A /* FillUserDataPresenter.swift */; };
		8A59B60A269B16AD002E5E3A /* FillUserDataViewController.swift in Sources */ = {isa = PBXBuildFile; fileRef = 8A59B609269B16AD002E5E3A /* FillUserDataViewController.swift */; };
		8A59B60C269B16B6002E5E3A /* FillUserDataView.swift in Sources */ = {isa = PBXBuildFile; fileRef = 8A59B60B269B16B6002E5E3A /* FillUserDataView.swift */; };
		8A59B611269B4D0E002E5E3A /* UserSession.swift in Sources */ = {isa = PBXBuildFile; fileRef = 8A59B610269B4D0E002E5E3A /* UserSession.swift */; };
		8A8A2F8E26A166EA009C7C1F /* ReviewsBuilder.swift in Sources */ = {isa = PBXBuildFile; fileRef = 8A8A2F8D26A166EA009C7C1F /* ReviewsBuilder.swift */; };
		8A8A2F9026A166F0009C7C1F /* ReviewsRouter.swift in Sources */ = {isa = PBXBuildFile; fileRef = 8A8A2F8F26A166F0009C7C1F /* ReviewsRouter.swift */; };
		8A8A2F9226A166F8009C7C1F /* ReviewsInteractor.swift in Sources */ = {isa = PBXBuildFile; fileRef = 8A8A2F9126A166F8009C7C1F /* ReviewsInteractor.swift */; };
		8A8A2F9426A166FF009C7C1F /* ReviewsPresenter.swift in Sources */ = {isa = PBXBuildFile; fileRef = 8A8A2F9326A166FF009C7C1F /* ReviewsPresenter.swift */; };
		8A8A2F9626A16707009C7C1F /* ReviewsController.swift in Sources */ = {isa = PBXBuildFile; fileRef = 8A8A2F9526A16707009C7C1F /* ReviewsController.swift */; };
		8A8A2F9826A1670D009C7C1F /* ReviewsView.swift in Sources */ = {isa = PBXBuildFile; fileRef = 8A8A2F9726A1670D009C7C1F /* ReviewsView.swift */; };
		8A8A2F9B26A18460009C7C1F /* ReviewTableViewCell.swift in Sources */ = {isa = PBXBuildFile; fileRef = 8A8A2F9A26A18460009C7C1F /* ReviewTableViewCell.swift */; };
		8A91F55D2681D21B00EE7057 /* AbstractErrorParser.swift in Sources */ = {isa = PBXBuildFile; fileRef = 8A91F55C2681D21B00EE7057 /* AbstractErrorParser.swift */; };
		8A91F55F2681D29100EE7057 /* ErrorParser.swift in Sources */ = {isa = PBXBuildFile; fileRef = 8A91F55E2681D29100EE7057 /* ErrorParser.swift */; };
		8A91F5612681D39400EE7057 /* ResponseCodable.swift in Sources */ = {isa = PBXBuildFile; fileRef = 8A91F5602681D39400EE7057 /* ResponseCodable.swift */; };
		8A91F5632681D4E800EE7057 /* AbstractRequestFactory.swift in Sources */ = {isa = PBXBuildFile; fileRef = 8A91F5622681D4E800EE7057 /* AbstractRequestFactory.swift */; };
		8A91F5652681D52000EE7057 /* RequestRouter.swift in Sources */ = {isa = PBXBuildFile; fileRef = 8A91F5642681D52000EE7057 /* RequestRouter.swift */; };
		8A91F5672681D56D00EE7057 /* LoginResult.swift in Sources */ = {isa = PBXBuildFile; fileRef = 8A91F5662681D56D00EE7057 /* LoginResult.swift */; };
		8A91F5692681D57F00EE7057 /* User.swift in Sources */ = {isa = PBXBuildFile; fileRef = 8A91F5682681D57F00EE7057 /* User.swift */; };
		8A91F56C2681D5A900EE7057 /* AuthRequestFactory.swift in Sources */ = {isa = PBXBuildFile; fileRef = 8A91F56B2681D5A900EE7057 /* AuthRequestFactory.swift */; };
		8A91F56E2681D5E200EE7057 /* Auth.swift in Sources */ = {isa = PBXBuildFile; fileRef = 8A91F56D2681D5E200EE7057 /* Auth.swift */; };
		8A91F5702681D5EB00EE7057 /* RequestFactory.swift in Sources */ = {isa = PBXBuildFile; fileRef = 8A91F56F2681D5EA00EE7057 /* RequestFactory.swift */; };
		8A91F5782681EDB600EE7057 /* LogoutResult.swift in Sources */ = {isa = PBXBuildFile; fileRef = 8A91F5772681EDB600EE7057 /* LogoutResult.swift */; };
		8A91F57A2681EE7000EE7057 /* SignUpResult.swift in Sources */ = {isa = PBXBuildFile; fileRef = 8A91F5792681EE7000EE7057 /* SignUpResult.swift */; };
		8A91F57C2681EF2F00EE7057 /* UpdateUserDataResult.swift in Sources */ = {isa = PBXBuildFile; fileRef = 8A91F57B2681EF2F00EE7057 /* UpdateUserDataResult.swift */; };
		8A982C3C26A5C8B500247CD4 /* CartBuilder.swift in Sources */ = {isa = PBXBuildFile; fileRef = 8A982C3B26A5C8B500247CD4 /* CartBuilder.swift */; };
		8A982C3E26A5C8BD00247CD4 /* CartRouter.swift in Sources */ = {isa = PBXBuildFile; fileRef = 8A982C3D26A5C8BD00247CD4 /* CartRouter.swift */; };
		8A982C4026A5C8C600247CD4 /* CartInteractor.swift in Sources */ = {isa = PBXBuildFile; fileRef = 8A982C3F26A5C8C600247CD4 /* CartInteractor.swift */; };
		8A982C4226A5C8CD00247CD4 /* CartPresenter.swift in Sources */ = {isa = PBXBuildFile; fileRef = 8A982C4126A5C8CD00247CD4 /* CartPresenter.swift */; };
		8A982C4426A5C8D400247CD4 /* CartViewController.swift in Sources */ = {isa = PBXBuildFile; fileRef = 8A982C4326A5C8D400247CD4 /* CartViewController.swift */; };
		8A982C4626A5C8DB00247CD4 /* CartView.swift in Sources */ = {isa = PBXBuildFile; fileRef = 8A982C4526A5C8DB00247CD4 /* CartView.swift */; };
		8A982C4A26A5CDC000247CD4 /* CartTableViewCell.swift in Sources */ = {isa = PBXBuildFile; fileRef = 8A982C4926A5CDC000247CD4 /* CartTableViewCell.swift */; };
		8AD109E3269856D6001BE8F2 /* Localizable.strings in Resources */ = {isa = PBXBuildFile; fileRef = 8AD109E5269856D6001BE8F2 /* Localizable.strings */; };
		8AD109E8269862FF001BE8F2 /* UIViewController+Extensions.swift in Sources */ = {isa = PBXBuildFile; fileRef = 8AD109E7269862FF001BE8F2 /* UIViewController+Extensions.swift */; };
		8AEB14CA26946BAA006FFB06 /* Cart.swift in Sources */ = {isa = PBXBuildFile; fileRef = 8AEB14C926946BAA006FFB06 /* Cart.swift */; };
		8AEB14CC26946BB8006FFB06 /* CartRequestFactory.swift in Sources */ = {isa = PBXBuildFile; fileRef = 8AEB14CB26946BB8006FFB06 /* CartRequestFactory.swift */; };
		8AEB14D026946C89006FFB06 /* AddCartResult.swift in Sources */ = {isa = PBXBuildFile; fileRef = 8AEB14CF26946C89006FFB06 /* AddCartResult.swift */; };
		8AEB14D226946C95006FFB06 /* RemoveCartResult.swift in Sources */ = {isa = PBXBuildFile; fileRef = 8AEB14D126946C95006FFB06 /* RemoveCartResult.swift */; };
		8AEB14D426946C9C006FFB06 /* GetCartResult.swift in Sources */ = {isa = PBXBuildFile; fileRef = 8AEB14D326946C9C006FFB06 /* GetCartResult.swift */; };
		8AEB14D626946CA6006FFB06 /* PayCartResult.swift in Sources */ = {isa = PBXBuildFile; fileRef = 8AEB14D526946CA6006FFB06 /* PayCartResult.swift */; };
		8AF0D25F267CA16700FED02D /* AppDelegate.swift in Sources */ = {isa = PBXBuildFile; fileRef = 8AF0D25E267CA16700FED02D /* AppDelegate.swift */; };
		8AF0D263267CA16700FED02D /* ViewController.swift in Sources */ = {isa = PBXBuildFile; fileRef = 8AF0D262267CA16700FED02D /* ViewController.swift */; };
		8AF0D268267CA16800FED02D /* Assets.xcassets in Resources */ = {isa = PBXBuildFile; fileRef = 8AF0D267267CA16800FED02D /* Assets.xcassets */; };
		8AF0D26B267CA16800FED02D /* LaunchScreen.storyboard in Resources */ = {isa = PBXBuildFile; fileRef = 8AF0D269267CA16800FED02D /* LaunchScreen.storyboard */; };
		8AF0D276267CA16800FED02D /* OnlineShopGBTests.swift in Sources */ = {isa = PBXBuildFile; fileRef = 8AF0D275267CA16800FED02D /* OnlineShopGBTests.swift */; };
		8AF0D281267CA16800FED02D /* OnlineShopGBUITests.swift in Sources */ = {isa = PBXBuildFile; fileRef = 8AF0D280267CA16800FED02D /* OnlineShopGBUITests.swift */; };
		D35144EB0BABDEE8D1EFCD8F /* Pods_OnlineShopGB_OnlineShopGBUITests.framework in Frameworks */ = {isa = PBXBuildFile; fileRef = FF44A3BA2ECD95B47DAE5648 /* Pods_OnlineShopGB_OnlineShopGBUITests.framework */; };
		E7736A6FD014D4C5CE8B5FD3 /* Pods_OnlineShopGB.framework in Frameworks */ = {isa = PBXBuildFile; fileRef = 81FFFD99511BE0612A453FE7 /* Pods_OnlineShopGB.framework */; };
/* End PBXBuildFile section */

/* Begin PBXContainerItemProxy section */
		8AF0D272267CA16800FED02D /* PBXContainerItemProxy */ = {
			isa = PBXContainerItemProxy;
			containerPortal = 8AF0D253267CA16700FED02D /* Project object */;
			proxyType = 1;
			remoteGlobalIDString = 8AF0D25A267CA16700FED02D;
			remoteInfo = OnlineShopGB;
		};
		8AF0D27D267CA16800FED02D /* PBXContainerItemProxy */ = {
			isa = PBXContainerItemProxy;
			containerPortal = 8AF0D253267CA16700FED02D /* Project object */;
			proxyType = 1;
			remoteGlobalIDString = 8AF0D25A267CA16700FED02D;
			remoteInfo = OnlineShopGB;
		};
/* End PBXContainerItemProxy section */

/* Begin PBXFileReference section */
		4E978D007B01D24BA808C6C8 /* Pods-OnlineShopGB.debug.xcconfig */ = {isa = PBXFileReference; includeInIndex = 1; lastKnownFileType = text.xcconfig; name = "Pods-OnlineShopGB.debug.xcconfig"; path = "Target Support Files/Pods-OnlineShopGB/Pods-OnlineShopGB.debug.xcconfig"; sourceTree = "<group>"; };
		81FFFD99511BE0612A453FE7 /* Pods_OnlineShopGB.framework */ = {isa = PBXFileReference; explicitFileType = wrapper.framework; includeInIndex = 0; path = Pods_OnlineShopGB.framework; sourceTree = BUILT_PRODUCTS_DIR; };
		8A1AAAFF269DC28F0034C31E /* ProductCatalogBuilder.swift */ = {isa = PBXFileReference; lastKnownFileType = sourcecode.swift; path = ProductCatalogBuilder.swift; sourceTree = "<group>"; };
		8A1AAB01269DC2F00034C31E /* ProductCatalogRouter.swift */ = {isa = PBXFileReference; lastKnownFileType = sourcecode.swift; path = ProductCatalogRouter.swift; sourceTree = "<group>"; };
		8A1AAB03269DC2FD0034C31E /* ProductCatalogInteractor.swift */ = {isa = PBXFileReference; lastKnownFileType = sourcecode.swift; path = ProductCatalogInteractor.swift; sourceTree = "<group>"; };
		8A1AAB05269DC30F0034C31E /* ProductCatalogPresenter.swift */ = {isa = PBXFileReference; lastKnownFileType = sourcecode.swift; path = ProductCatalogPresenter.swift; sourceTree = "<group>"; };
		8A1AAB07269DC3180034C31E /* ProductCatalogViewController.swift */ = {isa = PBXFileReference; lastKnownFileType = sourcecode.swift; path = ProductCatalogViewController.swift; sourceTree = "<group>"; };
		8A1AAB09269DC31E0034C31E /* ProductCatalogView.swift */ = {isa = PBXFileReference; lastKnownFileType = sourcecode.swift; path = ProductCatalogView.swift; sourceTree = "<group>"; };
		8A1AAB0D269DC60E0034C31E /* MainBuilder.swift */ = {isa = PBXFileReference; lastKnownFileType = sourcecode.swift; path = MainBuilder.swift; sourceTree = "<group>"; };
		8A1AAB10269DD1700034C31E /* ProductTableViewCell.swift */ = {isa = PBXFileReference; lastKnownFileType = sourcecode.swift; path = ProductTableViewCell.swift; sourceTree = "<group>"; };
		8A1AAB13269DD6F80034C31E /* PopUpProductView.swift */ = {isa = PBXFileReference; lastKnownFileType = sourcecode.swift; path = PopUpProductView.swift; sourceTree = "<group>"; };
		8A1E1FEB2685D5DC0087C556 /* All.xctestplan */ = {isa = PBXFileReference; lastKnownFileType = text; path = All.xctestplan; sourceTree = "<group>"; };
		8A1E1FEC2685D6190087C556 /* Unit.xctestplan */ = {isa = PBXFileReference; lastKnownFileType = text; path = Unit.xctestplan; sourceTree = "<group>"; };
		8A1E1FED2685D6210087C556 /* UI.xctestplan */ = {isa = PBXFileReference; lastKnownFileType = text; path = UI.xctestplan; sourceTree = "<group>"; };
		8A1E1FEE2685DE7E0087C556 /* StringResources.swift */ = {isa = PBXFileReference; lastKnownFileType = sourcecode.swift; path = StringResources.swift; sourceTree = "<group>"; };
		8A1E1FF02685DF1E0087C556 /* Product.swift */ = {isa = PBXFileReference; lastKnownFileType = sourcecode.swift; path = Product.swift; sourceTree = "<group>"; };
		8A1E1FF22685DF620087C556 /* ProductRequestFactory.swift */ = {isa = PBXFileReference; lastKnownFileType = sourcecode.swift; path = ProductRequestFactory.swift; sourceTree = "<group>"; };
		8A1E1FF42685E2890087C556 /* CatalogResult.swift */ = {isa = PBXFileReference; lastKnownFileType = sourcecode.swift; path = CatalogResult.swift; sourceTree = "<group>"; };
		8A1E1FF62685E29B0087C556 /* GoodResult.swift */ = {isa = PBXFileReference; lastKnownFileType = sourcecode.swift; path = GoodResult.swift; sourceTree = "<group>"; };
		8A292C76268F198600F162F6 /* Review.swift */ = {isa = PBXFileReference; lastKnownFileType = sourcecode.swift; path = Review.swift; sourceTree = "<group>"; };
		8A292C78268F199800F162F6 /* ReviewRequestFactory.swift */ = {isa = PBXFileReference; lastKnownFileType = sourcecode.swift; path = ReviewRequestFactory.swift; sourceTree = "<group>"; };
		8A292C7A268F1C2000F162F6 /* AddReviewResult.swift */ = {isa = PBXFileReference; lastKnownFileType = sourcecode.swift; path = AddReviewResult.swift; sourceTree = "<group>"; };
		8A292C7C268F1C2B00F162F6 /* RemoveReviewResult.swift */ = {isa = PBXFileReference; lastKnownFileType = sourcecode.swift; path = RemoveReviewResult.swift; sourceTree = "<group>"; };
		8A292C7E268F1C3300F162F6 /* GetReviewRestult.swift */ = {isa = PBXFileReference; lastKnownFileType = sourcecode.swift; path = GetReviewRestult.swift; sourceTree = "<group>"; };
		8A2A6DD92698493000193F6E /* AuthBuilder.swift */ = {isa = PBXFileReference; lastKnownFileType = sourcecode.swift; path = AuthBuilder.swift; sourceTree = "<group>"; };
		8A2A6DDB269849F700193F6E /* AuthRouter.swift */ = {isa = PBXFileReference; lastKnownFileType = sourcecode.swift; path = AuthRouter.swift; sourceTree = "<group>"; };
		8A2A6DDD26984A0100193F6E /* AuthInteractor.swift */ = {isa = PBXFileReference; lastKnownFileType = sourcecode.swift; path = AuthInteractor.swift; sourceTree = "<group>"; };
		8A2A6DDF26984A0B00193F6E /* AuthPresenter.swift */ = {isa = PBXFileReference; lastKnownFileType = sourcecode.swift; path = AuthPresenter.swift; sourceTree = "<group>"; };
		8A2A6DE126984A1300193F6E /* AuthViewController.swift */ = {isa = PBXFileReference; lastKnownFileType = sourcecode.swift; path = AuthViewController.swift; sourceTree = "<group>"; };
		8A2A6DE326984A2600193F6E /* AuthView.swift */ = {isa = PBXFileReference; lastKnownFileType = sourcecode.swift; path = AuthView.swift; sourceTree = "<group>"; };
		8A59B601269B15F4002E5E3A /* FillUserDataBuilder.swift */ = {isa = PBXFileReference; lastKnownFileType = sourcecode.swift; path = FillUserDataBuilder.swift; sourceTree = "<group>"; };
		8A59B603269B168D002E5E3A /* FillUserDataRouter.swift */ = {isa = PBXFileReference; lastKnownFileType = sourcecode.swift; path = FillUserDataRouter.swift; sourceTree = "<group>"; };
		8A59B605269B169A002E5E3A /* FillUserDataInteractor.swift */ = {isa = PBXFileReference; lastKnownFileType = sourcecode.swift; path = FillUserDataInteractor.swift; sourceTree = "<group>"; };
		8A59B607269B16A2002E5E3A /* FillUserDataPresenter.swift */ = {isa = PBXFileReference; lastKnownFileType = sourcecode.swift; path = FillUserDataPresenter.swift; sourceTree = "<group>"; };
		8A59B609269B16AD002E5E3A /* FillUserDataViewController.swift */ = {isa = PBXFileReference; lastKnownFileType = sourcecode.swift; path = FillUserDataViewController.swift; sourceTree = "<group>"; };
		8A59B60B269B16B6002E5E3A /* FillUserDataView.swift */ = {isa = PBXFileReference; lastKnownFileType = sourcecode.swift; path = FillUserDataView.swift; sourceTree = "<group>"; };
		8A59B610269B4D0E002E5E3A /* UserSession.swift */ = {isa = PBXFileReference; lastKnownFileType = sourcecode.swift; path = UserSession.swift; sourceTree = "<group>"; };
		8A8A2F8D26A166EA009C7C1F /* ReviewsBuilder.swift */ = {isa = PBXFileReference; lastKnownFileType = sourcecode.swift; path = ReviewsBuilder.swift; sourceTree = "<group>"; };
		8A8A2F8F26A166F0009C7C1F /* ReviewsRouter.swift */ = {isa = PBXFileReference; lastKnownFileType = sourcecode.swift; path = ReviewsRouter.swift; sourceTree = "<group>"; };
		8A8A2F9126A166F8009C7C1F /* ReviewsInteractor.swift */ = {isa = PBXFileReference; lastKnownFileType = sourcecode.swift; path = ReviewsInteractor.swift; sourceTree = "<group>"; };
		8A8A2F9326A166FF009C7C1F /* ReviewsPresenter.swift */ = {isa = PBXFileReference; lastKnownFileType = sourcecode.swift; path = ReviewsPresenter.swift; sourceTree = "<group>"; };
		8A8A2F9526A16707009C7C1F /* ReviewsController.swift */ = {isa = PBXFileReference; lastKnownFileType = sourcecode.swift; path = ReviewsController.swift; sourceTree = "<group>"; };
		8A8A2F9726A1670D009C7C1F /* ReviewsView.swift */ = {isa = PBXFileReference; lastKnownFileType = sourcecode.swift; path = ReviewsView.swift; sourceTree = "<group>"; };
		8A8A2F9A26A18460009C7C1F /* ReviewTableViewCell.swift */ = {isa = PBXFileReference; lastKnownFileType = sourcecode.swift; path = ReviewTableViewCell.swift; sourceTree = "<group>"; };
		8A91F55C2681D21B00EE7057 /* AbstractErrorParser.swift */ = {isa = PBXFileReference; lastKnownFileType = sourcecode.swift; path = AbstractErrorParser.swift; sourceTree = "<group>"; };
		8A91F55E2681D29100EE7057 /* ErrorParser.swift */ = {isa = PBXFileReference; lastKnownFileType = sourcecode.swift; path = ErrorParser.swift; sourceTree = "<group>"; };
		8A91F5602681D39400EE7057 /* ResponseCodable.swift */ = {isa = PBXFileReference; lastKnownFileType = sourcecode.swift; path = ResponseCodable.swift; sourceTree = "<group>"; };
		8A91F5622681D4E800EE7057 /* AbstractRequestFactory.swift */ = {isa = PBXFileReference; lastKnownFileType = sourcecode.swift; path = AbstractRequestFactory.swift; sourceTree = "<group>"; };
		8A91F5642681D52000EE7057 /* RequestRouter.swift */ = {isa = PBXFileReference; lastKnownFileType = sourcecode.swift; path = RequestRouter.swift; sourceTree = "<group>"; };
		8A91F5662681D56D00EE7057 /* LoginResult.swift */ = {isa = PBXFileReference; lastKnownFileType = sourcecode.swift; path = LoginResult.swift; sourceTree = "<group>"; };
		8A91F5682681D57F00EE7057 /* User.swift */ = {isa = PBXFileReference; lastKnownFileType = sourcecode.swift; path = User.swift; sourceTree = "<group>"; };
		8A91F56B2681D5A900EE7057 /* AuthRequestFactory.swift */ = {isa = PBXFileReference; lastKnownFileType = sourcecode.swift; path = AuthRequestFactory.swift; sourceTree = "<group>"; };
		8A91F56D2681D5E200EE7057 /* Auth.swift */ = {isa = PBXFileReference; lastKnownFileType = sourcecode.swift; path = Auth.swift; sourceTree = "<group>"; };
		8A91F56F2681D5EA00EE7057 /* RequestFactory.swift */ = {isa = PBXFileReference; lastKnownFileType = sourcecode.swift; path = RequestFactory.swift; sourceTree = "<group>"; };
		8A91F5772681EDB600EE7057 /* LogoutResult.swift */ = {isa = PBXFileReference; lastKnownFileType = sourcecode.swift; path = LogoutResult.swift; sourceTree = "<group>"; };
		8A91F5792681EE7000EE7057 /* SignUpResult.swift */ = {isa = PBXFileReference; lastKnownFileType = sourcecode.swift; path = SignUpResult.swift; sourceTree = "<group>"; };
		8A91F57B2681EF2F00EE7057 /* UpdateUserDataResult.swift */ = {isa = PBXFileReference; lastKnownFileType = sourcecode.swift; path = UpdateUserDataResult.swift; sourceTree = "<group>"; };
		8A982C3B26A5C8B500247CD4 /* CartBuilder.swift */ = {isa = PBXFileReference; lastKnownFileType = sourcecode.swift; path = CartBuilder.swift; sourceTree = "<group>"; };
		8A982C3D26A5C8BD00247CD4 /* CartRouter.swift */ = {isa = PBXFileReference; lastKnownFileType = sourcecode.swift; path = CartRouter.swift; sourceTree = "<group>"; };
		8A982C3F26A5C8C600247CD4 /* CartInteractor.swift */ = {isa = PBXFileReference; lastKnownFileType = sourcecode.swift; path = CartInteractor.swift; sourceTree = "<group>"; };
		8A982C4126A5C8CD00247CD4 /* CartPresenter.swift */ = {isa = PBXFileReference; lastKnownFileType = sourcecode.swift; path = CartPresenter.swift; sourceTree = "<group>"; };
		8A982C4326A5C8D400247CD4 /* CartViewController.swift */ = {isa = PBXFileReference; lastKnownFileType = sourcecode.swift; path = CartViewController.swift; sourceTree = "<group>"; };
		8A982C4526A5C8DB00247CD4 /* CartView.swift */ = {isa = PBXFileReference; lastKnownFileType = sourcecode.swift; path = CartView.swift; sourceTree = "<group>"; };
		8A982C4926A5CDC000247CD4 /* CartTableViewCell.swift */ = {isa = PBXFileReference; lastKnownFileType = sourcecode.swift; path = CartTableViewCell.swift; sourceTree = "<group>"; };
		8AD109DF26985690001BE8F2 /* ru */ = {isa = PBXFileReference; lastKnownFileType = text.plist.strings; name = ru; path = ru.lproj/LaunchScreen.strings; sourceTree = "<group>"; };
		8AD109E4269856D6001BE8F2 /* en */ = {isa = PBXFileReference; lastKnownFileType = text.plist.strings; name = en; path = en.lproj/Localizable.strings; sourceTree = "<group>"; };
		8AD109E6269856D9001BE8F2 /* ru */ = {isa = PBXFileReference; lastKnownFileType = text.plist.strings; name = ru; path = ru.lproj/Localizable.strings; sourceTree = "<group>"; };
		8AD109E7269862FF001BE8F2 /* UIViewController+Extensions.swift */ = {isa = PBXFileReference; lastKnownFileType = sourcecode.swift; path = "UIViewController+Extensions.swift"; sourceTree = "<group>"; };
		8AEB14C926946BAA006FFB06 /* Cart.swift */ = {isa = PBXFileReference; lastKnownFileType = sourcecode.swift; path = Cart.swift; sourceTree = "<group>"; };
		8AEB14CB26946BB8006FFB06 /* CartRequestFactory.swift */ = {isa = PBXFileReference; lastKnownFileType = sourcecode.swift; path = CartRequestFactory.swift; sourceTree = "<group>"; };
		8AEB14CF26946C89006FFB06 /* AddCartResult.swift */ = {isa = PBXFileReference; lastKnownFileType = sourcecode.swift; path = AddCartResult.swift; sourceTree = "<group>"; };
		8AEB14D126946C95006FFB06 /* RemoveCartResult.swift */ = {isa = PBXFileReference; lastKnownFileType = sourcecode.swift; path = RemoveCartResult.swift; sourceTree = "<group>"; };
		8AEB14D326946C9C006FFB06 /* GetCartResult.swift */ = {isa = PBXFileReference; lastKnownFileType = sourcecode.swift; path = GetCartResult.swift; sourceTree = "<group>"; };
		8AEB14D526946CA6006FFB06 /* PayCartResult.swift */ = {isa = PBXFileReference; lastKnownFileType = sourcecode.swift; path = PayCartResult.swift; sourceTree = "<group>"; };
		8AF0D25B267CA16700FED02D /* OnlineShopGB.app */ = {isa = PBXFileReference; explicitFileType = wrapper.application; includeInIndex = 0; path = OnlineShopGB.app; sourceTree = BUILT_PRODUCTS_DIR; };
		8AF0D25E267CA16700FED02D /* AppDelegate.swift */ = {isa = PBXFileReference; lastKnownFileType = sourcecode.swift; path = AppDelegate.swift; sourceTree = "<group>"; };
		8AF0D262267CA16700FED02D /* ViewController.swift */ = {isa = PBXFileReference; lastKnownFileType = sourcecode.swift; path = ViewController.swift; sourceTree = "<group>"; };
		8AF0D267267CA16800FED02D /* Assets.xcassets */ = {isa = PBXFileReference; lastKnownFileType = folder.assetcatalog; path = Assets.xcassets; sourceTree = "<group>"; };
		8AF0D26A267CA16800FED02D /* Base */ = {isa = PBXFileReference; lastKnownFileType = file.storyboard; name = Base; path = Base.lproj/LaunchScreen.storyboard; sourceTree = "<group>"; };
		8AF0D26C267CA16800FED02D /* Info.plist */ = {isa = PBXFileReference; lastKnownFileType = text.plist.xml; path = Info.plist; sourceTree = "<group>"; };
		8AF0D271267CA16800FED02D /* OnlineShopGBTests.xctest */ = {isa = PBXFileReference; explicitFileType = wrapper.cfbundle; includeInIndex = 0; path = OnlineShopGBTests.xctest; sourceTree = BUILT_PRODUCTS_DIR; };
		8AF0D275267CA16800FED02D /* OnlineShopGBTests.swift */ = {isa = PBXFileReference; lastKnownFileType = sourcecode.swift; path = OnlineShopGBTests.swift; sourceTree = "<group>"; };
		8AF0D277267CA16800FED02D /* Info.plist */ = {isa = PBXFileReference; lastKnownFileType = text.plist.xml; path = Info.plist; sourceTree = "<group>"; };
		8AF0D27C267CA16800FED02D /* OnlineShopGBUITests.xctest */ = {isa = PBXFileReference; explicitFileType = wrapper.cfbundle; includeInIndex = 0; path = OnlineShopGBUITests.xctest; sourceTree = BUILT_PRODUCTS_DIR; };
		8AF0D280267CA16800FED02D /* OnlineShopGBUITests.swift */ = {isa = PBXFileReference; lastKnownFileType = sourcecode.swift; path = OnlineShopGBUITests.swift; sourceTree = "<group>"; };
		8AF0D282267CA16800FED02D /* Info.plist */ = {isa = PBXFileReference; lastKnownFileType = text.plist.xml; path = Info.plist; sourceTree = "<group>"; };
		8C9081786F0DA9051AC6E367 /* Pods-OnlineShopGBTests.debug.xcconfig */ = {isa = PBXFileReference; includeInIndex = 1; lastKnownFileType = text.xcconfig; name = "Pods-OnlineShopGBTests.debug.xcconfig"; path = "Target Support Files/Pods-OnlineShopGBTests/Pods-OnlineShopGBTests.debug.xcconfig"; sourceTree = "<group>"; };
		A2A2D152AEBC35B59DF1DE64 /* Pods-OnlineShopGBTests.release.xcconfig */ = {isa = PBXFileReference; includeInIndex = 1; lastKnownFileType = text.xcconfig; name = "Pods-OnlineShopGBTests.release.xcconfig"; path = "Target Support Files/Pods-OnlineShopGBTests/Pods-OnlineShopGBTests.release.xcconfig"; sourceTree = "<group>"; };
		A487EAE5908876C659950391 /* Pods_OnlineShopGBTests.framework */ = {isa = PBXFileReference; explicitFileType = wrapper.framework; includeInIndex = 0; path = Pods_OnlineShopGBTests.framework; sourceTree = BUILT_PRODUCTS_DIR; };
		AE918CC65240D0CE33E500A5 /* Pods-OnlineShopGB-OnlineShopGBUITests.release.xcconfig */ = {isa = PBXFileReference; includeInIndex = 1; lastKnownFileType = text.xcconfig; name = "Pods-OnlineShopGB-OnlineShopGBUITests.release.xcconfig"; path = "Target Support Files/Pods-OnlineShopGB-OnlineShopGBUITests/Pods-OnlineShopGB-OnlineShopGBUITests.release.xcconfig"; sourceTree = "<group>"; };
		E2DDBC9197321C920D65C859 /* Pods-OnlineShopGB.release.xcconfig */ = {isa = PBXFileReference; includeInIndex = 1; lastKnownFileType = text.xcconfig; name = "Pods-OnlineShopGB.release.xcconfig"; path = "Target Support Files/Pods-OnlineShopGB/Pods-OnlineShopGB.release.xcconfig"; sourceTree = "<group>"; };
		F10C500DF50135B32725C840 /* Pods-OnlineShopGB-OnlineShopGBUITests.debug.xcconfig */ = {isa = PBXFileReference; includeInIndex = 1; lastKnownFileType = text.xcconfig; name = "Pods-OnlineShopGB-OnlineShopGBUITests.debug.xcconfig"; path = "Target Support Files/Pods-OnlineShopGB-OnlineShopGBUITests/Pods-OnlineShopGB-OnlineShopGBUITests.debug.xcconfig"; sourceTree = "<group>"; };
		FF44A3BA2ECD95B47DAE5648 /* Pods_OnlineShopGB_OnlineShopGBUITests.framework */ = {isa = PBXFileReference; explicitFileType = wrapper.framework; includeInIndex = 0; path = Pods_OnlineShopGB_OnlineShopGBUITests.framework; sourceTree = BUILT_PRODUCTS_DIR; };
/* End PBXFileReference section */

/* Begin PBXFrameworksBuildPhase section */
		8AF0D258267CA16700FED02D /* Frameworks */ = {
			isa = PBXFrameworksBuildPhase;
			buildActionMask = 2147483647;
			files = (
				E7736A6FD014D4C5CE8B5FD3 /* Pods_OnlineShopGB.framework in Frameworks */,
			);
			runOnlyForDeploymentPostprocessing = 0;
		};
		8AF0D26E267CA16800FED02D /* Frameworks */ = {
			isa = PBXFrameworksBuildPhase;
			buildActionMask = 2147483647;
			files = (
				7C0327785BE14FA6367C5FF2 /* Pods_OnlineShopGBTests.framework in Frameworks */,
			);
			runOnlyForDeploymentPostprocessing = 0;
		};
		8AF0D279267CA16800FED02D /* Frameworks */ = {
			isa = PBXFrameworksBuildPhase;
			buildActionMask = 2147483647;
			files = (
				D35144EB0BABDEE8D1EFCD8F /* Pods_OnlineShopGB_OnlineShopGBUITests.framework in Frameworks */,
			);
			runOnlyForDeploymentPostprocessing = 0;
		};
/* End PBXFrameworksBuildPhase section */

/* Begin PBXGroup section */
		23FFA218EFF00060DEEB2CB5 /* Frameworks */ = {
			isa = PBXGroup;
			children = (
				81FFFD99511BE0612A453FE7 /* Pods_OnlineShopGB.framework */,
				FF44A3BA2ECD95B47DAE5648 /* Pods_OnlineShopGB_OnlineShopGBUITests.framework */,
				A487EAE5908876C659950391 /* Pods_OnlineShopGBTests.framework */,
			);
			name = Frameworks;
			sourceTree = "<group>";
		};
		334AEA2DC35E6559B7F14F29 /* Pods */ = {
			isa = PBXGroup;
			children = (
				4E978D007B01D24BA808C6C8 /* Pods-OnlineShopGB.debug.xcconfig */,
				E2DDBC9197321C920D65C859 /* Pods-OnlineShopGB.release.xcconfig */,
				F10C500DF50135B32725C840 /* Pods-OnlineShopGB-OnlineShopGBUITests.debug.xcconfig */,
				AE918CC65240D0CE33E500A5 /* Pods-OnlineShopGB-OnlineShopGBUITests.release.xcconfig */,
				8C9081786F0DA9051AC6E367 /* Pods-OnlineShopGBTests.debug.xcconfig */,
				A2A2D152AEBC35B59DF1DE64 /* Pods-OnlineShopGBTests.release.xcconfig */,
			);
			path = Pods;
			sourceTree = "<group>";
		};
		8A1AAAF8269DC23D0034C31E /* ProductCatalog */ = {
			isa = PBXGroup;
			children = (
				8A1AAAFE269DC27E0034C31E /* Builder */,
				8A1AAAFD269DC2790034C31E /* Router */,
				8A1AAAFC269DC2730034C31E /* Interactor */,
				8A1AAAFB269DC26E0034C31E /* Presenter */,
				8A1AAAFA269DC2680034C31E /* Controller */,
				8A1AAAF9269DC2640034C31E /* View */,
			);
			path = ProductCatalog;
			sourceTree = "<group>";
		};
		8A1AAAF9269DC2640034C31E /* View */ = {
			isa = PBXGroup;
			children = (
				8A1AAB12269DD6E00034C31E /* PopUpProductView */,
				8A1AAB0F269DD1570034C31E /* ProductTableViewCell */,
				8A1AAB09269DC31E0034C31E /* ProductCatalogView.swift */,
			);
			path = View;
			sourceTree = "<group>";
		};
		8A1AAAFA269DC2680034C31E /* Controller */ = {
			isa = PBXGroup;
			children = (
				8A1AAB07269DC3180034C31E /* ProductCatalogViewController.swift */,
			);
			path = Controller;
			sourceTree = "<group>";
		};
		8A1AAAFB269DC26E0034C31E /* Presenter */ = {
			isa = PBXGroup;
			children = (
				8A1AAB05269DC30F0034C31E /* ProductCatalogPresenter.swift */,
			);
			path = Presenter;
			sourceTree = "<group>";
		};
		8A1AAAFC269DC2730034C31E /* Interactor */ = {
			isa = PBXGroup;
			children = (
				8A1AAB03269DC2FD0034C31E /* ProductCatalogInteractor.swift */,
			);
			path = Interactor;
			sourceTree = "<group>";
		};
		8A1AAAFD269DC2790034C31E /* Router */ = {
			isa = PBXGroup;
			children = (
				8A1AAB01269DC2F00034C31E /* ProductCatalogRouter.swift */,
			);
			path = Router;
			sourceTree = "<group>";
		};
		8A1AAAFE269DC27E0034C31E /* Builder */ = {
			isa = PBXGroup;
			children = (
				8A1AAAFF269DC28F0034C31E /* ProductCatalogBuilder.swift */,
			);
			path = Builder;
			sourceTree = "<group>";
		};
		8A1AAB0B269DC5FE0034C31E /* Main */ = {
			isa = PBXGroup;
			children = (
				8A1AAB0C269DC6040034C31E /* Builder */,
			);
			path = Main;
			sourceTree = "<group>";
		};
		8A1AAB0C269DC6040034C31E /* Builder */ = {
			isa = PBXGroup;
			children = (
				8A1AAB0D269DC60E0034C31E /* MainBuilder.swift */,
			);
			path = Builder;
			sourceTree = "<group>";
		};
		8A1AAB0F269DD1570034C31E /* ProductTableViewCell */ = {
			isa = PBXGroup;
			children = (
				8A1AAB10269DD1700034C31E /* ProductTableViewCell.swift */,
			);
			path = ProductTableViewCell;
			sourceTree = "<group>";
		};
		8A1AAB12269DD6E00034C31E /* PopUpProductView */ = {
			isa = PBXGroup;
			children = (
				8A1AAB13269DD6F80034C31E /* PopUpProductView.swift */,
			);
			path = PopUpProductView;
			sourceTree = "<group>";
		};
		8A1E1FEA2685D58E0087C556 /* TestPlans */ = {
			isa = PBXGroup;
			children = (
				8A1E1FEB2685D5DC0087C556 /* All.xctestplan */,
				8A1E1FEC2685D6190087C556 /* Unit.xctestplan */,
				8A1E1FED2685D6210087C556 /* UI.xctestplan */,
			);
			path = TestPlans;
			sourceTree = "<group>";
		};
		8A2A6DD22698481100193F6E /* Auth */ = {
			isa = PBXGroup;
			children = (
				8A2A6DD32698481A00193F6E /* Builder */,
				8A2A6DD42698481F00193F6E /* Router */,
				8A2A6DD72698484000193F6E /* Interactor */,
				8A2A6DD62698483A00193F6E /* Presenter */,
				8A2A6DD8269848BA00193F6E /* Controller */,
				8A2A6DD52698483000193F6E /* View */,
			);
			path = Auth;
			sourceTree = "<group>";
		};
		8A2A6DD32698481A00193F6E /* Builder */ = {
			isa = PBXGroup;
			children = (
				8A2A6DD92698493000193F6E /* AuthBuilder.swift */,
			);
			path = Builder;
			sourceTree = "<group>";
		};
		8A2A6DD42698481F00193F6E /* Router */ = {
			isa = PBXGroup;
			children = (
				8A2A6DDB269849F700193F6E /* AuthRouter.swift */,
			);
			path = Router;
			sourceTree = "<group>";
		};
		8A2A6DD52698483000193F6E /* View */ = {
			isa = PBXGroup;
			children = (
				8A2A6DE326984A2600193F6E /* AuthView.swift */,
			);
			path = View;
			sourceTree = "<group>";
		};
		8A2A6DD62698483A00193F6E /* Presenter */ = {
			isa = PBXGroup;
			children = (
				8A2A6DDF26984A0B00193F6E /* AuthPresenter.swift */,
			);
			path = Presenter;
			sourceTree = "<group>";
		};
		8A2A6DD72698484000193F6E /* Interactor */ = {
			isa = PBXGroup;
			children = (
				8A2A6DDD26984A0100193F6E /* AuthInteractor.swift */,
			);
			path = Interactor;
			sourceTree = "<group>";
		};
		8A2A6DD8269848BA00193F6E /* Controller */ = {
			isa = PBXGroup;
			children = (
				8A2A6DE126984A1300193F6E /* AuthViewController.swift */,
			);
			path = Controller;
			sourceTree = "<group>";
		};
		8A59B5F9269B1569002E5E3A /* FillUserData */ = {
			isa = PBXGroup;
			children = (
				8A59B600269B15A0002E5E3A /* Builder */,
				8A59B5FF269B159A002E5E3A /* Router */,
				8A59B5FE269B1593002E5E3A /* Interactor */,
				8A59B5FD269B158E002E5E3A /* Presenter */,
				8A59B5FC269B1588002E5E3A /* Controller */,
				8A59B5FB269B157D002E5E3A /* View */,
			);
			path = FillUserData;
			sourceTree = "<group>";
		};
		8A59B5FB269B157D002E5E3A /* View */ = {
			isa = PBXGroup;
			children = (
				8A59B60B269B16B6002E5E3A /* FillUserDataView.swift */,
			);
			path = View;
			sourceTree = "<group>";
		};
		8A59B5FC269B1588002E5E3A /* Controller */ = {
			isa = PBXGroup;
			children = (
				8A59B609269B16AD002E5E3A /* FillUserDataViewController.swift */,
			);
			path = Controller;
			sourceTree = "<group>";
		};
		8A59B5FD269B158E002E5E3A /* Presenter */ = {
			isa = PBXGroup;
			children = (
				8A59B607269B16A2002E5E3A /* FillUserDataPresenter.swift */,
			);
			path = Presenter;
			sourceTree = "<group>";
		};
		8A59B5FE269B1593002E5E3A /* Interactor */ = {
			isa = PBXGroup;
			children = (
				8A59B605269B169A002E5E3A /* FillUserDataInteractor.swift */,
			);
			path = Interactor;
			sourceTree = "<group>";
		};
		8A59B5FF269B159A002E5E3A /* Router */ = {
			isa = PBXGroup;
			children = (
				8A59B603269B168D002E5E3A /* FillUserDataRouter.swift */,
			);
			path = Router;
			sourceTree = "<group>";
		};
		8A59B600269B15A0002E5E3A /* Builder */ = {
			isa = PBXGroup;
			children = (
				8A59B601269B15F4002E5E3A /* FillUserDataBuilder.swift */,
			);
			path = Builder;
			sourceTree = "<group>";
		};
		8A59B60F269B4CAC002E5E3A /* UserSession */ = {
			isa = PBXGroup;
			children = (
				8A59B610269B4D0E002E5E3A /* UserSession.swift */,
			);
			path = UserSession;
			sourceTree = "<group>";
		};
		8A8A2F8626A166AA009C7C1F /* Reviews */ = {
			isa = PBXGroup;
			children = (
				8A8A2F8C26A166D8009C7C1F /* Builder */,
				8A8A2F8B26A166D2009C7C1F /* Router */,
				8A8A2F8A26A166CA009C7C1F /* Interactor */,
				8A8A2F8926A166C3009C7C1F /* Presenter */,
				8A8A2F8826A166BA009C7C1F /* Controller */,
				8A8A2F8726A166B7009C7C1F /* View */,
			);
			path = Reviews;
			sourceTree = "<group>";
		};
		8A8A2F8726A166B7009C7C1F /* View */ = {
			isa = PBXGroup;
			children = (
				8A8A2F9926A1844C009C7C1F /* ReviewTableViewCell */,
				8A8A2F9726A1670D009C7C1F /* ReviewsView.swift */,
			);
			path = View;
			sourceTree = "<group>";
		};
		8A8A2F8826A166BA009C7C1F /* Controller */ = {
			isa = PBXGroup;
			children = (
				8A8A2F9526A16707009C7C1F /* ReviewsController.swift */,
			);
			path = Controller;
			sourceTree = "<group>";
		};
		8A8A2F8926A166C3009C7C1F /* Presenter */ = {
			isa = PBXGroup;
			children = (
				8A8A2F9326A166FF009C7C1F /* ReviewsPresenter.swift */,
			);
			path = Presenter;
			sourceTree = "<group>";
		};
		8A8A2F8A26A166CA009C7C1F /* Interactor */ = {
			isa = PBXGroup;
			children = (
				8A8A2F9126A166F8009C7C1F /* ReviewsInteractor.swift */,
			);
			path = Interactor;
			sourceTree = "<group>";
		};
		8A8A2F8B26A166D2009C7C1F /* Router */ = {
			isa = PBXGroup;
			children = (
				8A8A2F8F26A166F0009C7C1F /* ReviewsRouter.swift */,
			);
			path = Router;
			sourceTree = "<group>";
		};
		8A8A2F8C26A166D8009C7C1F /* Builder */ = {
			isa = PBXGroup;
			children = (
				8A8A2F8D26A166EA009C7C1F /* ReviewsBuilder.swift */,
			);
			path = Builder;
			sourceTree = "<group>";
		};
		8A8A2F9926A1844C009C7C1F /* ReviewTableViewCell */ = {
			isa = PBXGroup;
			children = (
				8A8A2F9A26A18460009C7C1F /* ReviewTableViewCell.swift */,
			);
			path = ReviewTableViewCell;
			sourceTree = "<group>";
		};
		8A91F55B2681D1C100EE7057 /* Network */ = {
			isa = PBXGroup;
			children = (
				8A91F55C2681D21B00EE7057 /* AbstractErrorParser.swift */,
				8A91F55E2681D29100EE7057 /* ErrorParser.swift */,
				8A91F5602681D39400EE7057 /* ResponseCodable.swift */,
				8A91F5622681D4E800EE7057 /* AbstractRequestFactory.swift */,
				8A91F5642681D52000EE7057 /* RequestRouter.swift */,
			);
			path = Network;
			sourceTree = "<group>";
		};
		8A91F56A2681D59700EE7057 /* Network */ = {
			isa = PBXGroup;
			children = (
				8A91F56B2681D5A900EE7057 /* AuthRequestFactory.swift */,
				8A91F56D2681D5E200EE7057 /* Auth.swift */,
				8A1E1FF22685DF620087C556 /* ProductRequestFactory.swift */,
				8A1E1FF02685DF1E0087C556 /* Product.swift */,
				8A91F56F2681D5EA00EE7057 /* RequestFactory.swift */,
				8A292C76268F198600F162F6 /* Review.swift */,
				8A292C78268F199800F162F6 /* ReviewRequestFactory.swift */,
				8AEB14C926946BAA006FFB06 /* Cart.swift */,
				8AEB14CB26946BB8006FFB06 /* CartRequestFactory.swift */,
			);
			path = Network;
			sourceTree = "<group>";
		};
		8A982C3426A5C86300247CD4 /* Cart */ = {
			isa = PBXGroup;
			children = (
				8A982C3A26A5C88700247CD4 /* Builder */,
				8A982C3926A5C88200247CD4 /* Router */,
				8A982C3826A5C87B00247CD4 /* Interactor */,
				8A982C3726A5C87500247CD4 /* Presenter */,
				8A982C3626A5C86F00247CD4 /* Controller */,
				8A982C3526A5C86C00247CD4 /* View */,
			);
			path = Cart;
			sourceTree = "<group>";
		};
		8A982C3526A5C86C00247CD4 /* View */ = {
			isa = PBXGroup;
			children = (
				8A982C4826A5CDAB00247CD4 /* CartTableViewCell */,
				8A982C4526A5C8DB00247CD4 /* CartView.swift */,
			);
			path = View;
			sourceTree = "<group>";
		};
		8A982C3626A5C86F00247CD4 /* Controller */ = {
			isa = PBXGroup;
			children = (
				8A982C4326A5C8D400247CD4 /* CartViewController.swift */,
			);
			path = Controller;
			sourceTree = "<group>";
		};
		8A982C3726A5C87500247CD4 /* Presenter */ = {
			isa = PBXGroup;
			children = (
				8A982C4126A5C8CD00247CD4 /* CartPresenter.swift */,
			);
			path = Presenter;
			sourceTree = "<group>";
		};
		8A982C3826A5C87B00247CD4 /* Interactor */ = {
			isa = PBXGroup;
			children = (
				8A982C3F26A5C8C600247CD4 /* CartInteractor.swift */,
			);
			path = Interactor;
			sourceTree = "<group>";
		};
		8A982C3926A5C88200247CD4 /* Router */ = {
			isa = PBXGroup;
			children = (
				8A982C3D26A5C8BD00247CD4 /* CartRouter.swift */,
			);
			path = Router;
			sourceTree = "<group>";
		};
		8A982C3A26A5C88700247CD4 /* Builder */ = {
			isa = PBXGroup;
			children = (
				8A982C3B26A5C8B500247CD4 /* CartBuilder.swift */,
			);
			path = Builder;
			sourceTree = "<group>";
		};
		8A982C4826A5CDAB00247CD4 /* CartTableViewCell */ = {
			isa = PBXGroup;
			children = (
				8A982C4926A5CDC000247CD4 /* CartTableViewCell.swift */,
			);
			path = CartTableViewCell;
			sourceTree = "<group>";
		};
		8AF0D252267CA16700FED02D = {
			isa = PBXGroup;
			children = (
				8AF0D25D267CA16700FED02D /* OnlineShopGB */,
				8AF0D274267CA16800FED02D /* OnlineShopGBTests */,
				8AF0D27F267CA16800FED02D /* OnlineShopGBUITests */,
				8A1E1FEA2685D58E0087C556 /* TestPlans */,
				8AF0D25C267CA16700FED02D /* Products */,
				334AEA2DC35E6559B7F14F29 /* Pods */,
				23FFA218EFF00060DEEB2CB5 /* Frameworks */,
			);
			sourceTree = "<group>";
		};
		8AF0D25C267CA16700FED02D /* Products */ = {
			isa = PBXGroup;
			children = (
				8AF0D25B267CA16700FED02D /* OnlineShopGB.app */,
				8AF0D271267CA16800FED02D /* OnlineShopGBTests.xctest */,
				8AF0D27C267CA16800FED02D /* OnlineShopGBUITests.xctest */,
			);
			name = Products;
			sourceTree = "<group>";
		};
		8AF0D25D267CA16700FED02D /* OnlineShopGB */ = {
			isa = PBXGroup;
			children = (
				8AF0D28E267CA2AF00FED02D /* App */,
				8AF0D294267CA32900FED02D /* Core */,
				8AF0D293267CA31E00FED02D /* Resources */,
				8AF0D262267CA16700FED02D /* ViewController.swift */,
				8AF0D295267CA33F00FED02D /* Environments */,
			);
			path = OnlineShopGB;
			sourceTree = "<group>";
		};
		8AF0D274267CA16800FED02D /* OnlineShopGBTests */ = {
			isa = PBXGroup;
			children = (
				8AF0D275267CA16800FED02D /* OnlineShopGBTests.swift */,
				8AF0D277267CA16800FED02D /* Info.plist */,
			);
			path = OnlineShopGBTests;
			sourceTree = "<group>";
		};
		8AF0D27F267CA16800FED02D /* OnlineShopGBUITests */ = {
			isa = PBXGroup;
			children = (
				8AF0D280267CA16800FED02D /* OnlineShopGBUITests.swift */,
				8AF0D282267CA16800FED02D /* Info.plist */,
			);
			path = OnlineShopGBUITests;
			sourceTree = "<group>";
		};
		8AF0D28E267CA2AF00FED02D /* App */ = {
			isa = PBXGroup;
			children = (
				8AF0D25E267CA16700FED02D /* AppDelegate.swift */,
				8AF0D290267CA2C800FED02D /* Assembly */,
				8AF0D28F267CA2C200FED02D /* Flows */,
				8AF0D291267CA2E300FED02D /* Entity */,
				8AF0D292267CA30000FED02D /* BuisnessLogic */,
			);
			path = App;
			sourceTree = "<group>";
		};
		8AF0D28F267CA2C200FED02D /* Flows */ = {
			isa = PBXGroup;
			children = (
				8A982C3426A5C86300247CD4 /* Cart */,
				8A8A2F8626A166AA009C7C1F /* Reviews */,
				8A1AAB0B269DC5FE0034C31E /* Main */,
				8A1AAAF8269DC23D0034C31E /* ProductCatalog */,
				8A59B5F9269B1569002E5E3A /* FillUserData */,
				8A2A6DD22698481100193F6E /* Auth */,
			);
			path = Flows;
			sourceTree = "<group>";
		};
		8AF0D290267CA2C800FED02D /* Assembly */ = {
			isa = PBXGroup;
			children = (
			);
			path = Assembly;
			sourceTree = "<group>";
		};
		8AF0D291267CA2E300FED02D /* Entity */ = {
			isa = PBXGroup;
			children = (
				8A91F5662681D56D00EE7057 /* LoginResult.swift */,
				8A91F57B2681EF2F00EE7057 /* UpdateUserDataResult.swift */,
				8A91F5682681D57F00EE7057 /* User.swift */,
				8A91F5772681EDB600EE7057 /* LogoutResult.swift */,
				8A91F5792681EE7000EE7057 /* SignUpResult.swift */,
				8A1E1FF42685E2890087C556 /* CatalogResult.swift */,
				8A1E1FF62685E29B0087C556 /* GoodResult.swift */,
				8A292C7A268F1C2000F162F6 /* AddReviewResult.swift */,
				8A292C7C268F1C2B00F162F6 /* RemoveReviewResult.swift */,
				8A292C7E268F1C3300F162F6 /* GetReviewRestult.swift */,
				8AEB14CF26946C89006FFB06 /* AddCartResult.swift */,
				8AEB14D126946C95006FFB06 /* RemoveCartResult.swift */,
				8AEB14D326946C9C006FFB06 /* GetCartResult.swift */,
				8AEB14D526946CA6006FFB06 /* PayCartResult.swift */,
			);
			path = Entity;
			sourceTree = "<group>";
		};
		8AF0D292267CA30000FED02D /* BuisnessLogic */ = {
			isa = PBXGroup;
			children = (
				8A91F56A2681D59700EE7057 /* Network */,
			);
			path = BuisnessLogic;
			sourceTree = "<group>";
		};
		8AF0D293267CA31E00FED02D /* Resources */ = {
			isa = PBXGroup;
			children = (
				8AF0D267267CA16800FED02D /* Assets.xcassets */,
				8AF0D269267CA16800FED02D /* LaunchScreen.storyboard */,
				8A1E1FEE2685DE7E0087C556 /* StringResources.swift */,
				8AD109E5269856D6001BE8F2 /* Localizable.strings */,
			);
			path = Resources;
			sourceTree = "<group>";
		};
		8AF0D294267CA32900FED02D /* Core */ = {
			isa = PBXGroup;
			children = (
				8A59B60F269B4CAC002E5E3A /* UserSession */,
				8A91F55B2681D1C100EE7057 /* Network */,
				8AF0D297267CA45600FED02D /* Extensions */,
			);
			path = Core;
			sourceTree = "<group>";
		};
		8AF0D295267CA33F00FED02D /* Environments */ = {
			isa = PBXGroup;
			children = (
				8AF0D26C267CA16800FED02D /* Info.plist */,
			);
			path = Environments;
			sourceTree = "<group>";
		};
		8AF0D297267CA45600FED02D /* Extensions */ = {
			isa = PBXGroup;
			children = (
				8AD109E7269862FF001BE8F2 /* UIViewController+Extensions.swift */,
			);
			path = Extensions;
			sourceTree = "<group>";
		};
/* End PBXGroup section */

/* Begin PBXNativeTarget section */
		8AF0D25A267CA16700FED02D /* OnlineShopGB */ = {
			isa = PBXNativeTarget;
			buildConfigurationList = 8AF0D285267CA16800FED02D /* Build configuration list for PBXNativeTarget "OnlineShopGB" */;
			buildPhases = (
				CDD237BF043890508945E666 /* [CP] Check Pods Manifest.lock */,
				8AF0D257267CA16700FED02D /* Sources */,
				8AF0D258267CA16700FED02D /* Frameworks */,
				8AF0D259267CA16700FED02D /* Resources */,
				384ABCC51E08330AC241DFA9 /* [CP] Embed Pods Frameworks */,
			);
			buildRules = (
			);
			dependencies = (
			);
			name = OnlineShopGB;
			productName = OnlineShopGB;
			productReference = 8AF0D25B267CA16700FED02D /* OnlineShopGB.app */;
			productType = "com.apple.product-type.application";
		};
		8AF0D270267CA16800FED02D /* OnlineShopGBTests */ = {
			isa = PBXNativeTarget;
			buildConfigurationList = 8AF0D288267CA16800FED02D /* Build configuration list for PBXNativeTarget "OnlineShopGBTests" */;
			buildPhases = (
				1FE7FA542B556FB38CE08269 /* [CP] Check Pods Manifest.lock */,
				8AF0D26D267CA16800FED02D /* Sources */,
				8AF0D26E267CA16800FED02D /* Frameworks */,
				8AF0D26F267CA16800FED02D /* Resources */,
			);
			buildRules = (
			);
			dependencies = (
				8AF0D273267CA16800FED02D /* PBXTargetDependency */,
			);
			name = OnlineShopGBTests;
			productName = OnlineShopGBTests;
			productReference = 8AF0D271267CA16800FED02D /* OnlineShopGBTests.xctest */;
			productType = "com.apple.product-type.bundle.unit-test";
		};
		8AF0D27B267CA16800FED02D /* OnlineShopGBUITests */ = {
			isa = PBXNativeTarget;
			buildConfigurationList = 8AF0D28B267CA16800FED02D /* Build configuration list for PBXNativeTarget "OnlineShopGBUITests" */;
			buildPhases = (
				746BE69CE5B9D1468768BC71 /* [CP] Check Pods Manifest.lock */,
				8AF0D278267CA16800FED02D /* Sources */,
				8AF0D279267CA16800FED02D /* Frameworks */,
				8AF0D27A267CA16800FED02D /* Resources */,
				A3A0FEAC196935012E45484C /* [CP] Embed Pods Frameworks */,
			);
			buildRules = (
			);
			dependencies = (
				8AF0D27E267CA16800FED02D /* PBXTargetDependency */,
			);
			name = OnlineShopGBUITests;
			productName = OnlineShopGBUITests;
			productReference = 8AF0D27C267CA16800FED02D /* OnlineShopGBUITests.xctest */;
			productType = "com.apple.product-type.bundle.ui-testing";
		};
/* End PBXNativeTarget section */

/* Begin PBXProject section */
		8AF0D253267CA16700FED02D /* Project object */ = {
			isa = PBXProject;
			attributes = {
				LastSwiftUpdateCheck = 1250;
				LastUpgradeCheck = 1250;
				TargetAttributes = {
					8AF0D25A267CA16700FED02D = {
						CreatedOnToolsVersion = 12.5;
					};
					8AF0D270267CA16800FED02D = {
						CreatedOnToolsVersion = 12.5;
						TestTargetID = 8AF0D25A267CA16700FED02D;
					};
					8AF0D27B267CA16800FED02D = {
						CreatedOnToolsVersion = 12.5;
						TestTargetID = 8AF0D25A267CA16700FED02D;
					};
				};
			};
			buildConfigurationList = 8AF0D256267CA16700FED02D /* Build configuration list for PBXProject "OnlineShopGB" */;
			compatibilityVersion = "Xcode 9.3";
			developmentRegion = en;
			hasScannedForEncodings = 0;
			knownRegions = (
				en,
				Base,
				ru,
			);
			mainGroup = 8AF0D252267CA16700FED02D;
			productRefGroup = 8AF0D25C267CA16700FED02D /* Products */;
			projectDirPath = "";
			projectRoot = "";
			targets = (
				8AF0D25A267CA16700FED02D /* OnlineShopGB */,
				8AF0D270267CA16800FED02D /* OnlineShopGBTests */,
				8AF0D27B267CA16800FED02D /* OnlineShopGBUITests */,
			);
		};
/* End PBXProject section */

/* Begin PBXResourcesBuildPhase section */
		8AF0D259267CA16700FED02D /* Resources */ = {
			isa = PBXResourcesBuildPhase;
			buildActionMask = 2147483647;
			files = (
				8AF0D26B267CA16800FED02D /* LaunchScreen.storyboard in Resources */,
				8AD109E3269856D6001BE8F2 /* Localizable.strings in Resources */,
				8AF0D268267CA16800FED02D /* Assets.xcassets in Resources */,
			);
			runOnlyForDeploymentPostprocessing = 0;
		};
		8AF0D26F267CA16800FED02D /* Resources */ = {
			isa = PBXResourcesBuildPhase;
			buildActionMask = 2147483647;
			files = (
			);
			runOnlyForDeploymentPostprocessing = 0;
		};
		8AF0D27A267CA16800FED02D /* Resources */ = {
			isa = PBXResourcesBuildPhase;
			buildActionMask = 2147483647;
			files = (
			);
			runOnlyForDeploymentPostprocessing = 0;
		};
/* End PBXResourcesBuildPhase section */

/* Begin PBXShellScriptBuildPhase section */
		1FE7FA542B556FB38CE08269 /* [CP] Check Pods Manifest.lock */ = {
			isa = PBXShellScriptBuildPhase;
			buildActionMask = 2147483647;
			files = (
			);
			inputFileListPaths = (
			);
			inputPaths = (
				"${PODS_PODFILE_DIR_PATH}/Podfile.lock",
				"${PODS_ROOT}/Manifest.lock",
			);
			name = "[CP] Check Pods Manifest.lock";
			outputFileListPaths = (
			);
			outputPaths = (
				"$(DERIVED_FILE_DIR)/Pods-OnlineShopGBTests-checkManifestLockResult.txt",
			);
			runOnlyForDeploymentPostprocessing = 0;
			shellPath = /bin/sh;
			shellScript = "diff \"${PODS_PODFILE_DIR_PATH}/Podfile.lock\" \"${PODS_ROOT}/Manifest.lock\" > /dev/null\nif [ $? != 0 ] ; then\n    # print error to STDERR\n    echo \"error: The sandbox is not in sync with the Podfile.lock. Run 'pod install' or update your CocoaPods installation.\" >&2\n    exit 1\nfi\n# This output is used by Xcode 'outputs' to avoid re-running this script phase.\necho \"SUCCESS\" > \"${SCRIPT_OUTPUT_FILE_0}\"\n";
			showEnvVarsInLog = 0;
		};
		384ABCC51E08330AC241DFA9 /* [CP] Embed Pods Frameworks */ = {
			isa = PBXShellScriptBuildPhase;
			buildActionMask = 2147483647;
			files = (
			);
			inputFileListPaths = (
				"${PODS_ROOT}/Target Support Files/Pods-OnlineShopGB/Pods-OnlineShopGB-frameworks-${CONFIGURATION}-input-files.xcfilelist",
			);
			name = "[CP] Embed Pods Frameworks";
			outputFileListPaths = (
				"${PODS_ROOT}/Target Support Files/Pods-OnlineShopGB/Pods-OnlineShopGB-frameworks-${CONFIGURATION}-output-files.xcfilelist",
			);
			runOnlyForDeploymentPostprocessing = 0;
			shellPath = /bin/sh;
			shellScript = "\"${PODS_ROOT}/Target Support Files/Pods-OnlineShopGB/Pods-OnlineShopGB-frameworks.sh\"\n";
			showEnvVarsInLog = 0;
		};
		746BE69CE5B9D1468768BC71 /* [CP] Check Pods Manifest.lock */ = {
			isa = PBXShellScriptBuildPhase;
			buildActionMask = 2147483647;
			files = (
			);
			inputFileListPaths = (
			);
			inputPaths = (
				"${PODS_PODFILE_DIR_PATH}/Podfile.lock",
				"${PODS_ROOT}/Manifest.lock",
			);
			name = "[CP] Check Pods Manifest.lock";
			outputFileListPaths = (
			);
			outputPaths = (
				"$(DERIVED_FILE_DIR)/Pods-OnlineShopGB-OnlineShopGBUITests-checkManifestLockResult.txt",
			);
			runOnlyForDeploymentPostprocessing = 0;
			shellPath = /bin/sh;
			shellScript = "diff \"${PODS_PODFILE_DIR_PATH}/Podfile.lock\" \"${PODS_ROOT}/Manifest.lock\" > /dev/null\nif [ $? != 0 ] ; then\n    # print error to STDERR\n    echo \"error: The sandbox is not in sync with the Podfile.lock. Run 'pod install' or update your CocoaPods installation.\" >&2\n    exit 1\nfi\n# This output is used by Xcode 'outputs' to avoid re-running this script phase.\necho \"SUCCESS\" > \"${SCRIPT_OUTPUT_FILE_0}\"\n";
			showEnvVarsInLog = 0;
		};
		A3A0FEAC196935012E45484C /* [CP] Embed Pods Frameworks */ = {
			isa = PBXShellScriptBuildPhase;
			buildActionMask = 2147483647;
			files = (
			);
			inputFileListPaths = (
				"${PODS_ROOT}/Target Support Files/Pods-OnlineShopGB-OnlineShopGBUITests/Pods-OnlineShopGB-OnlineShopGBUITests-frameworks-${CONFIGURATION}-input-files.xcfilelist",
			);
			name = "[CP] Embed Pods Frameworks";
			outputFileListPaths = (
				"${PODS_ROOT}/Target Support Files/Pods-OnlineShopGB-OnlineShopGBUITests/Pods-OnlineShopGB-OnlineShopGBUITests-frameworks-${CONFIGURATION}-output-files.xcfilelist",
			);
			runOnlyForDeploymentPostprocessing = 0;
			shellPath = /bin/sh;
			shellScript = "\"${PODS_ROOT}/Target Support Files/Pods-OnlineShopGB-OnlineShopGBUITests/Pods-OnlineShopGB-OnlineShopGBUITests-frameworks.sh\"\n";
			showEnvVarsInLog = 0;
		};
		CDD237BF043890508945E666 /* [CP] Check Pods Manifest.lock */ = {
			isa = PBXShellScriptBuildPhase;
			buildActionMask = 2147483647;
			files = (
			);
			inputFileListPaths = (
			);
			inputPaths = (
				"${PODS_PODFILE_DIR_PATH}/Podfile.lock",
				"${PODS_ROOT}/Manifest.lock",
			);
			name = "[CP] Check Pods Manifest.lock";
			outputFileListPaths = (
			);
			outputPaths = (
				"$(DERIVED_FILE_DIR)/Pods-OnlineShopGB-checkManifestLockResult.txt",
			);
			runOnlyForDeploymentPostprocessing = 0;
			shellPath = /bin/sh;
			shellScript = "diff \"${PODS_PODFILE_DIR_PATH}/Podfile.lock\" \"${PODS_ROOT}/Manifest.lock\" > /dev/null\nif [ $? != 0 ] ; then\n    # print error to STDERR\n    echo \"error: The sandbox is not in sync with the Podfile.lock. Run 'pod install' or update your CocoaPods installation.\" >&2\n    exit 1\nfi\n# This output is used by Xcode 'outputs' to avoid re-running this script phase.\necho \"SUCCESS\" > \"${SCRIPT_OUTPUT_FILE_0}\"\n";
			showEnvVarsInLog = 0;
		};
/* End PBXShellScriptBuildPhase section */

/* Begin PBXSourcesBuildPhase section */
		8AF0D257267CA16700FED02D /* Sources */ = {
			isa = PBXSourcesBuildPhase;
			buildActionMask = 2147483647;
			files = (
				8AEB14D226946C95006FFB06 /* RemoveCartResult.swift in Sources */,
				8A91F57A2681EE7000EE7057 /* SignUpResult.swift in Sources */,
				8A91F57C2681EF2F00EE7057 /* UpdateUserDataResult.swift in Sources */,
				8A292C77268F198600F162F6 /* Review.swift in Sources */,
				8A8A2F9026A166F0009C7C1F /* ReviewsRouter.swift in Sources */,
				8A2A6DE026984A0B00193F6E /* AuthPresenter.swift in Sources */,
				8AEB14CA26946BAA006FFB06 /* Cart.swift in Sources */,
				8A59B608269B16A2002E5E3A /* FillUserDataPresenter.swift in Sources */,
				8A1AAB00269DC28F0034C31E /* ProductCatalogBuilder.swift in Sources */,
				8A1E1FEF2685DE7E0087C556 /* StringResources.swift in Sources */,
				8A2A6DDC269849F700193F6E /* AuthRouter.swift in Sources */,
				8A982C3E26A5C8BD00247CD4 /* CartRouter.swift in Sources */,
				8A2A6DE426984A2600193F6E /* AuthView.swift in Sources */,
				8A59B604269B168D002E5E3A /* FillUserDataRouter.swift in Sources */,
				8A91F5702681D5EB00EE7057 /* RequestFactory.swift in Sources */,
				8A1AAB04269DC2FD0034C31E /* ProductCatalogInteractor.swift in Sources */,
				8A91F55D2681D21B00EE7057 /* AbstractErrorParser.swift in Sources */,
				8A59B602269B15F4002E5E3A /* FillUserDataBuilder.swift in Sources */,
				8A1E1FF12685DF1E0087C556 /* Product.swift in Sources */,
				8A8A2F9426A166FF009C7C1F /* ReviewsPresenter.swift in Sources */,
				8A982C4026A5C8C600247CD4 /* CartInteractor.swift in Sources */,
				8A292C7F268F1C3300F162F6 /* GetReviewRestult.swift in Sources */,
				8A59B60C269B16B6002E5E3A /* FillUserDataView.swift in Sources */,
				8A8A2F8E26A166EA009C7C1F /* ReviewsBuilder.swift in Sources */,
				8A8A2F9B26A18460009C7C1F /* ReviewTableViewCell.swift in Sources */,
				8A91F5782681EDB600EE7057 /* LogoutResult.swift in Sources */,
				8AEB14D626946CA6006FFB06 /* PayCartResult.swift in Sources */,
				8A8A2F9826A1670D009C7C1F /* ReviewsView.swift in Sources */,
				8A1E1FF32685DF620087C556 /* ProductRequestFactory.swift in Sources */,
				8A982C3C26A5C8B500247CD4 /* CartBuilder.swift in Sources */,
				8A91F5612681D39400EE7057 /* ResponseCodable.swift in Sources */,
				8A982C4626A5C8DB00247CD4 /* CartView.swift in Sources */,
				8A292C79268F199800F162F6 /* ReviewRequestFactory.swift in Sources */,
				8A2A6DDE26984A0100193F6E /* AuthInteractor.swift in Sources */,
				8A1AAB14269DD6F80034C31E /* PopUpProductView.swift in Sources */,
				8A59B611269B4D0E002E5E3A /* UserSession.swift in Sources */,
				8A59B60A269B16AD002E5E3A /* FillUserDataViewController.swift in Sources */,
				8A2A6DDA2698493000193F6E /* AuthBuilder.swift in Sources */,
				8A1AAB11269DD1700034C31E /* ProductTableViewCell.swift in Sources */,
				8A91F56C2681D5A900EE7057 /* AuthRequestFactory.swift in Sources */,
				8A8A2F9626A16707009C7C1F /* ReviewsController.swift in Sources */,
				8A982C4426A5C8D400247CD4 /* CartViewController.swift in Sources */,
				8A1AAB0A269DC31E0034C31E /* ProductCatalogView.swift in Sources */,
				8A1E1FF72685E29B0087C556 /* GoodResult.swift in Sources */,
				8A91F5652681D52000EE7057 /* RequestRouter.swift in Sources */,
				8AF0D263267CA16700FED02D /* ViewController.swift in Sources */,
				8A91F5672681D56D00EE7057 /* LoginResult.swift in Sources */,
				8A2A6DE226984A1300193F6E /* AuthViewController.swift in Sources */,
				8AEB14D426946C9C006FFB06 /* GetCartResult.swift in Sources */,
				8AD109E8269862FF001BE8F2 /* UIViewController+Extensions.swift in Sources */,
				8A1AAB06269DC30F0034C31E /* ProductCatalogPresenter.swift in Sources */,
				8A8A2F9226A166F8009C7C1F /* ReviewsInteractor.swift in Sources */,
				8A1E1FF52685E2890087C556 /* CatalogResult.swift in Sources */,
				8A91F56E2681D5E200EE7057 /* Auth.swift in Sources */,
				8A1AAB02269DC2F00034C31E /* ProductCatalogRouter.swift in Sources */,
				8A292C7D268F1C2B00F162F6 /* RemoveReviewResult.swift in Sources */,
				8A91F5692681D57F00EE7057 /* User.swift in Sources */,
				8AF0D25F267CA16700FED02D /* AppDelegate.swift in Sources */,
				8A982C4226A5C8CD00247CD4 /* CartPresenter.swift in Sources */,
				8A982C4A26A5CDC000247CD4 /* CartTableViewCell.swift in Sources */,
				8A1AAB0E269DC60E0034C31E /* MainBuilder.swift in Sources */,
				8A91F5632681D4E800EE7057 /* AbstractRequestFactory.swift in Sources */,
				8AEB14D026946C89006FFB06 /* AddCartResult.swift in Sources */,
				8A292C7B268F1C2000F162F6 /* AddReviewResult.swift in Sources */,
				8AEB14CC26946BB8006FFB06 /* CartRequestFactory.swift in Sources */,
				8A59B606269B169A002E5E3A /* FillUserDataInteractor.swift in Sources */,
				8A1AAB08269DC3180034C31E /* ProductCatalogViewController.swift in Sources */,
				8A91F55F2681D29100EE7057 /* ErrorParser.swift in Sources */,
			);
			runOnlyForDeploymentPostprocessing = 0;
		};
		8AF0D26D267CA16800FED02D /* Sources */ = {
			isa = PBXSourcesBuildPhase;
			buildActionMask = 2147483647;
			files = (
				8AF0D276267CA16800FED02D /* OnlineShopGBTests.swift in Sources */,
			);
			runOnlyForDeploymentPostprocessing = 0;
		};
		8AF0D278267CA16800FED02D /* Sources */ = {
			isa = PBXSourcesBuildPhase;
			buildActionMask = 2147483647;
			files = (
				8AF0D281267CA16800FED02D /* OnlineShopGBUITests.swift in Sources */,
			);
			runOnlyForDeploymentPostprocessing = 0;
		};
/* End PBXSourcesBuildPhase section */

/* Begin PBXTargetDependency section */
		8AF0D273267CA16800FED02D /* PBXTargetDependency */ = {
			isa = PBXTargetDependency;
			target = 8AF0D25A267CA16700FED02D /* OnlineShopGB */;
			targetProxy = 8AF0D272267CA16800FED02D /* PBXContainerItemProxy */;
		};
		8AF0D27E267CA16800FED02D /* PBXTargetDependency */ = {
			isa = PBXTargetDependency;
			target = 8AF0D25A267CA16700FED02D /* OnlineShopGB */;
			targetProxy = 8AF0D27D267CA16800FED02D /* PBXContainerItemProxy */;
		};
/* End PBXTargetDependency section */

/* Begin PBXVariantGroup section */
		8AD109E5269856D6001BE8F2 /* Localizable.strings */ = {
			isa = PBXVariantGroup;
			children = (
				8AD109E4269856D6001BE8F2 /* en */,
				8AD109E6269856D9001BE8F2 /* ru */,
			);
			name = Localizable.strings;
			sourceTree = "<group>";
		};
		8AF0D269267CA16800FED02D /* LaunchScreen.storyboard */ = {
			isa = PBXVariantGroup;
			children = (
				8AF0D26A267CA16800FED02D /* Base */,
				8AD109DF26985690001BE8F2 /* ru */,
			);
			name = LaunchScreen.storyboard;
			sourceTree = "<group>";
		};
/* End PBXVariantGroup section */

/* Begin XCBuildConfiguration section */
		8AF0D283267CA16800FED02D /* Debug */ = {
			isa = XCBuildConfiguration;
			buildSettings = {
				ALWAYS_SEARCH_USER_PATHS = NO;
				CLANG_ANALYZER_LOCALIZABILITY_NONLOCALIZED = YES;
				CLANG_ANALYZER_NONNULL = YES;
				CLANG_ANALYZER_NUMBER_OBJECT_CONVERSION = YES_AGGRESSIVE;
				CLANG_CXX_LANGUAGE_STANDARD = "gnu++14";
				CLANG_CXX_LIBRARY = "libc++";
				CLANG_ENABLE_MODULES = YES;
				CLANG_ENABLE_OBJC_ARC = YES;
				CLANG_ENABLE_OBJC_WEAK = YES;
				CLANG_WARN_BLOCK_CAPTURE_AUTORELEASING = YES;
				CLANG_WARN_BOOL_CONVERSION = YES;
				CLANG_WARN_COMMA = YES;
				CLANG_WARN_CONSTANT_CONVERSION = YES;
				CLANG_WARN_DEPRECATED_OBJC_IMPLEMENTATIONS = YES;
				CLANG_WARN_DIRECT_OBJC_ISA_USAGE = YES_ERROR;
				CLANG_WARN_DOCUMENTATION_COMMENTS = YES;
				CLANG_WARN_EMPTY_BODY = YES;
				CLANG_WARN_ENUM_CONVERSION = YES;
				CLANG_WARN_INFINITE_RECURSION = YES;
				CLANG_WARN_INT_CONVERSION = YES;
				CLANG_WARN_NON_LITERAL_NULL_CONVERSION = YES;
				CLANG_WARN_OBJC_IMPLICIT_RETAIN_SELF = YES;
				CLANG_WARN_OBJC_LITERAL_CONVERSION = YES;
				CLANG_WARN_OBJC_ROOT_CLASS = YES_ERROR;
				CLANG_WARN_QUOTED_INCLUDE_IN_FRAMEWORK_HEADER = YES;
				CLANG_WARN_RANGE_LOOP_ANALYSIS = YES;
				CLANG_WARN_STRICT_PROTOTYPES = YES;
				CLANG_WARN_SUSPICIOUS_MOVE = YES;
				CLANG_WARN_UNGUARDED_AVAILABILITY = YES_AGGRESSIVE;
				CLANG_WARN_UNREACHABLE_CODE = YES;
				CLANG_WARN__DUPLICATE_METHOD_MATCH = YES;
				COPY_PHASE_STRIP = NO;
				DEBUG_INFORMATION_FORMAT = dwarf;
				ENABLE_STRICT_OBJC_MSGSEND = YES;
				ENABLE_TESTABILITY = YES;
				GCC_C_LANGUAGE_STANDARD = gnu11;
				GCC_DYNAMIC_NO_PIC = NO;
				GCC_NO_COMMON_BLOCKS = YES;
				GCC_OPTIMIZATION_LEVEL = 0;
				GCC_PREPROCESSOR_DEFINITIONS = (
					"DEBUG=1",
					"$(inherited)",
				);
				GCC_WARN_64_TO_32_BIT_CONVERSION = YES;
				GCC_WARN_ABOUT_RETURN_TYPE = YES_ERROR;
				GCC_WARN_UNDECLARED_SELECTOR = YES;
				GCC_WARN_UNINITIALIZED_AUTOS = YES_AGGRESSIVE;
				GCC_WARN_UNUSED_FUNCTION = YES;
				GCC_WARN_UNUSED_VARIABLE = YES;
				IPHONEOS_DEPLOYMENT_TARGET = 14.5;
				MTL_ENABLE_DEBUG_INFO = INCLUDE_SOURCE;
				MTL_FAST_MATH = YES;
				ONLY_ACTIVE_ARCH = YES;
				SDKROOT = iphoneos;
				SWIFT_ACTIVE_COMPILATION_CONDITIONS = DEBUG;
				SWIFT_OPTIMIZATION_LEVEL = "-Onone";
			};
			name = Debug;
		};
		8AF0D284267CA16800FED02D /* Release */ = {
			isa = XCBuildConfiguration;
			buildSettings = {
				ALWAYS_SEARCH_USER_PATHS = NO;
				CLANG_ANALYZER_LOCALIZABILITY_NONLOCALIZED = YES;
				CLANG_ANALYZER_NONNULL = YES;
				CLANG_ANALYZER_NUMBER_OBJECT_CONVERSION = YES_AGGRESSIVE;
				CLANG_CXX_LANGUAGE_STANDARD = "gnu++14";
				CLANG_CXX_LIBRARY = "libc++";
				CLANG_ENABLE_MODULES = YES;
				CLANG_ENABLE_OBJC_ARC = YES;
				CLANG_ENABLE_OBJC_WEAK = YES;
				CLANG_WARN_BLOCK_CAPTURE_AUTORELEASING = YES;
				CLANG_WARN_BOOL_CONVERSION = YES;
				CLANG_WARN_COMMA = YES;
				CLANG_WARN_CONSTANT_CONVERSION = YES;
				CLANG_WARN_DEPRECATED_OBJC_IMPLEMENTATIONS = YES;
				CLANG_WARN_DIRECT_OBJC_ISA_USAGE = YES_ERROR;
				CLANG_WARN_DOCUMENTATION_COMMENTS = YES;
				CLANG_WARN_EMPTY_BODY = YES;
				CLANG_WARN_ENUM_CONVERSION = YES;
				CLANG_WARN_INFINITE_RECURSION = YES;
				CLANG_WARN_INT_CONVERSION = YES;
				CLANG_WARN_NON_LITERAL_NULL_CONVERSION = YES;
				CLANG_WARN_OBJC_IMPLICIT_RETAIN_SELF = YES;
				CLANG_WARN_OBJC_LITERAL_CONVERSION = YES;
				CLANG_WARN_OBJC_ROOT_CLASS = YES_ERROR;
				CLANG_WARN_QUOTED_INCLUDE_IN_FRAMEWORK_HEADER = YES;
				CLANG_WARN_RANGE_LOOP_ANALYSIS = YES;
				CLANG_WARN_STRICT_PROTOTYPES = YES;
				CLANG_WARN_SUSPICIOUS_MOVE = YES;
				CLANG_WARN_UNGUARDED_AVAILABILITY = YES_AGGRESSIVE;
				CLANG_WARN_UNREACHABLE_CODE = YES;
				CLANG_WARN__DUPLICATE_METHOD_MATCH = YES;
				COPY_PHASE_STRIP = NO;
				DEBUG_INFORMATION_FORMAT = "dwarf-with-dsym";
				ENABLE_NS_ASSERTIONS = NO;
				ENABLE_STRICT_OBJC_MSGSEND = YES;
				GCC_C_LANGUAGE_STANDARD = gnu11;
				GCC_NO_COMMON_BLOCKS = YES;
				GCC_WARN_64_TO_32_BIT_CONVERSION = YES;
				GCC_WARN_ABOUT_RETURN_TYPE = YES_ERROR;
				GCC_WARN_UNDECLARED_SELECTOR = YES;
				GCC_WARN_UNINITIALIZED_AUTOS = YES_AGGRESSIVE;
				GCC_WARN_UNUSED_FUNCTION = YES;
				GCC_WARN_UNUSED_VARIABLE = YES;
				IPHONEOS_DEPLOYMENT_TARGET = 14.5;
				MTL_ENABLE_DEBUG_INFO = NO;
				MTL_FAST_MATH = YES;
				SDKROOT = iphoneos;
				SWIFT_COMPILATION_MODE = wholemodule;
				SWIFT_OPTIMIZATION_LEVEL = "-O";
				VALIDATE_PRODUCT = YES;
			};
			name = Release;
		};
		8AF0D286267CA16800FED02D /* Debug */ = {
			isa = XCBuildConfiguration;
			baseConfigurationReference = 4E978D007B01D24BA808C6C8 /* Pods-OnlineShopGB.debug.xcconfig */;
			buildSettings = {
				ASSETCATALOG_COMPILER_APPICON_NAME = AppIcon;
				ASSETCATALOG_COMPILER_GLOBAL_ACCENT_COLOR_NAME = AccentColor;
				CODE_SIGN_STYLE = Automatic;
				DEVELOPMENT_TEAM = 9LK5ZZR926;
				INFOPLIST_FILE = OnlineShopGB/Environments/Info.plist;
				LD_RUNPATH_SEARCH_PATHS = (
					"$(inherited)",
					"@executable_path/Frameworks",
				);
				PRODUCT_BUNDLE_IDENTIFIER = com.morozovalexey.OnlineShopGB;
				PRODUCT_NAME = "$(TARGET_NAME)";
				SWIFT_VERSION = 5.0;
				TARGETED_DEVICE_FAMILY = "1,2";
			};
			name = Debug;
		};
		8AF0D287267CA16800FED02D /* Release */ = {
			isa = XCBuildConfiguration;
			baseConfigurationReference = E2DDBC9197321C920D65C859 /* Pods-OnlineShopGB.release.xcconfig */;
			buildSettings = {
				ASSETCATALOG_COMPILER_APPICON_NAME = AppIcon;
				ASSETCATALOG_COMPILER_GLOBAL_ACCENT_COLOR_NAME = AccentColor;
				CODE_SIGN_STYLE = Automatic;
				DEVELOPMENT_TEAM = 9LK5ZZR926;
				INFOPLIST_FILE = OnlineShopGB/Environments/Info.plist;
				LD_RUNPATH_SEARCH_PATHS = (
					"$(inherited)",
					"@executable_path/Frameworks",
				);
				PRODUCT_BUNDLE_IDENTIFIER = com.morozovalexey.OnlineShopGB;
				PRODUCT_NAME = "$(TARGET_NAME)";
				SWIFT_VERSION = 5.0;
				TARGETED_DEVICE_FAMILY = "1,2";
			};
			name = Release;
		};
		8AF0D289267CA16800FED02D /* Debug */ = {
			isa = XCBuildConfiguration;
			baseConfigurationReference = 8C9081786F0DA9051AC6E367 /* Pods-OnlineShopGBTests.debug.xcconfig */;
			buildSettings = {
				ALWAYS_EMBED_SWIFT_STANDARD_LIBRARIES = YES;
				BUNDLE_LOADER = "$(TEST_HOST)";
				CODE_SIGN_STYLE = Automatic;
				DEVELOPMENT_TEAM = 9LK5ZZR926;
				INFOPLIST_FILE = OnlineShopGBTests/Info.plist;
				IPHONEOS_DEPLOYMENT_TARGET = 14.5;
				LD_RUNPATH_SEARCH_PATHS = (
					"$(inherited)",
					"@executable_path/Frameworks",
					"@loader_path/Frameworks",
				);
				PRODUCT_BUNDLE_IDENTIFIER = com.morozovalexey.OnlineShopGBTests;
				PRODUCT_NAME = "$(TARGET_NAME)";
				SWIFT_VERSION = 5.0;
				TARGETED_DEVICE_FAMILY = "1,2";
				TEST_HOST = "$(BUILT_PRODUCTS_DIR)/OnlineShopGB.app/OnlineShopGB";
			};
			name = Debug;
		};
		8AF0D28A267CA16800FED02D /* Release */ = {
			isa = XCBuildConfiguration;
			baseConfigurationReference = A2A2D152AEBC35B59DF1DE64 /* Pods-OnlineShopGBTests.release.xcconfig */;
			buildSettings = {
				ALWAYS_EMBED_SWIFT_STANDARD_LIBRARIES = YES;
				BUNDLE_LOADER = "$(TEST_HOST)";
				CODE_SIGN_STYLE = Automatic;
				DEVELOPMENT_TEAM = 9LK5ZZR926;
				INFOPLIST_FILE = OnlineShopGBTests/Info.plist;
				IPHONEOS_DEPLOYMENT_TARGET = 14.5;
				LD_RUNPATH_SEARCH_PATHS = (
					"$(inherited)",
					"@executable_path/Frameworks",
					"@loader_path/Frameworks",
				);
				PRODUCT_BUNDLE_IDENTIFIER = com.morozovalexey.OnlineShopGBTests;
				PRODUCT_NAME = "$(TARGET_NAME)";
				SWIFT_VERSION = 5.0;
				TARGETED_DEVICE_FAMILY = "1,2";
				TEST_HOST = "$(BUILT_PRODUCTS_DIR)/OnlineShopGB.app/OnlineShopGB";
			};
			name = Release;
		};
		8AF0D28C267CA16800FED02D /* Debug */ = {
			isa = XCBuildConfiguration;
			baseConfigurationReference = F10C500DF50135B32725C840 /* Pods-OnlineShopGB-OnlineShopGBUITests.debug.xcconfig */;
			buildSettings = {
				ALWAYS_EMBED_SWIFT_STANDARD_LIBRARIES = YES;
				CODE_SIGN_STYLE = Automatic;
				DEVELOPMENT_TEAM = 9LK5ZZR926;
				INFOPLIST_FILE = OnlineShopGBUITests/Info.plist;
				LD_RUNPATH_SEARCH_PATHS = (
					"$(inherited)",
					"@executable_path/Frameworks",
					"@loader_path/Frameworks",
				);
				PRODUCT_BUNDLE_IDENTIFIER = com.morozovalexey.OnlineShopGBUITests;
				PRODUCT_NAME = "$(TARGET_NAME)";
				SWIFT_VERSION = 5.0;
				TARGETED_DEVICE_FAMILY = "1,2";
				TEST_TARGET_NAME = OnlineShopGB;
			};
			name = Debug;
		};
		8AF0D28D267CA16800FED02D /* Release */ = {
			isa = XCBuildConfiguration;
			baseConfigurationReference = AE918CC65240D0CE33E500A5 /* Pods-OnlineShopGB-OnlineShopGBUITests.release.xcconfig */;
			buildSettings = {
				ALWAYS_EMBED_SWIFT_STANDARD_LIBRARIES = YES;
				CODE_SIGN_STYLE = Automatic;
				DEVELOPMENT_TEAM = 9LK5ZZR926;
				INFOPLIST_FILE = OnlineShopGBUITests/Info.plist;
				LD_RUNPATH_SEARCH_PATHS = (
					"$(inherited)",
					"@executable_path/Frameworks",
					"@loader_path/Frameworks",
				);
				PRODUCT_BUNDLE_IDENTIFIER = com.morozovalexey.OnlineShopGBUITests;
				PRODUCT_NAME = "$(TARGET_NAME)";
				SWIFT_VERSION = 5.0;
				TARGETED_DEVICE_FAMILY = "1,2";
				TEST_TARGET_NAME = OnlineShopGB;
			};
			name = Release;
		};
/* End XCBuildConfiguration section */

/* Begin XCConfigurationList section */
		8AF0D256267CA16700FED02D /* Build configuration list for PBXProject "OnlineShopGB" */ = {
			isa = XCConfigurationList;
			buildConfigurations = (
				8AF0D283267CA16800FED02D /* Debug */,
				8AF0D284267CA16800FED02D /* Release */,
			);
			defaultConfigurationIsVisible = 0;
			defaultConfigurationName = Release;
		};
		8AF0D285267CA16800FED02D /* Build configuration list for PBXNativeTarget "OnlineShopGB" */ = {
			isa = XCConfigurationList;
			buildConfigurations = (
				8AF0D286267CA16800FED02D /* Debug */,
				8AF0D287267CA16800FED02D /* Release */,
			);
			defaultConfigurationIsVisible = 0;
			defaultConfigurationName = Release;
		};
		8AF0D288267CA16800FED02D /* Build configuration list for PBXNativeTarget "OnlineShopGBTests" */ = {
			isa = XCConfigurationList;
			buildConfigurations = (
				8AF0D289267CA16800FED02D /* Debug */,
				8AF0D28A267CA16800FED02D /* Release */,
			);
			defaultConfigurationIsVisible = 0;
			defaultConfigurationName = Release;
		};
		8AF0D28B267CA16800FED02D /* Build configuration list for PBXNativeTarget "OnlineShopGBUITests" */ = {
			isa = XCConfigurationList;
			buildConfigurations = (
				8AF0D28C267CA16800FED02D /* Debug */,
				8AF0D28D267CA16800FED02D /* Release */,
			);
			defaultConfigurationIsVisible = 0;
			defaultConfigurationName = Release;
		};
/* End XCConfigurationList section */
	};
	rootObject = 8AF0D253267CA16700FED02D /* Project object */;
}
